
Microsoft Visual Studio Solution File, Format Version 12.00
# Visual Studio 2012
Project("{FAE04EC0-301F-11D3-BF4B-00C04F79EFBC}") = "Projekt SO_10-finalX", "Projekt SO_10-finalX\Projekt SO_10-finalX.csproj", "{2FEA8B94-AF71-40DB-857C-60199B2D12AD}"
EndProject
Global
	GlobalSection(SolutionConfigurationPlatforms) = preSolution
		Debug|Any CPU = Debug|Any CPU
		Release|Any CPU = Release|Any CPU
	EndGlobalSection
	GlobalSection(ProjectConfigurationPlatforms) = postSolution
		{2FEA8B94-AF71-40DB-857C-60199B2D12AD}.Debug|Any CPU.ActiveCfg = Debug|Any CPU
		{2FEA8B94-AF71-40DB-857C-60199B2D12AD}.Debug|Any CPU.Build.0 = Debug|Any CPU
		{2FEA8B94-AF71-40DB-857C-60199B2D12AD}.Release|Any CPU.ActiveCfg = Release|Any CPU
		{2FEA8B94-AF71-40DB-857C-60199B2D12AD}.Release|Any CPU.Build.0 = Release|Any CPU
	EndGlobalSection
	GlobalSection(SolutionProperties) = preSolution
		HideSolutionNode = FALSE
	EndGlobalSection
EndGlobal
